// !$*UTF8*$!
{
	archiveVersion = 1;
	classes = {
	};
	objectVersion = 50;
	objects = {

/* Begin PBXBuildFile section */
		F32359D2219FDF60007A66DE /* AppDelegate.m in Sources */ = {isa = PBXBuildFile; fileRef = F32359D1219FDF60007A66DE /* AppDelegate.m */; };
		F32359D8219FDF60007A66DE /* Main.storyboard in Resources */ = {isa = PBXBuildFile; fileRef = F32359D6219FDF60007A66DE /* Main.storyboard */; };
		F32359DA219FDF61007A66DE /* Assets.xcassets in Resources */ = {isa = PBXBuildFile; fileRef = F32359D9219FDF61007A66DE /* Assets.xcassets */; };
		F32359DD219FDF61007A66DE /* LaunchScreen.storyboard in Resources */ = {isa = PBXBuildFile; fileRef = F32359DB219FDF61007A66DE /* LaunchScreen.storyboard */; };
		F32359E0219FDF61007A66DE /* main.m in Sources */ = {isa = PBXBuildFile; fileRef = F32359DF219FDF61007A66DE /* main.m */; };
		F32359EA219FDF62007A66DE /* DDSampleAppTests.m in Sources */ = {isa = PBXBuildFile; fileRef = F32359E9219FDF62007A66DE /* DDSampleAppTests.m */; };
		F32359F5219FDF62007A66DE /* DDSampleAppUITests.m in Sources */ = {isa = PBXBuildFile; fileRef = F32359F4219FDF62007A66DE /* DDSampleAppUITests.m */; };
		F3235A06219FE78D007A66DE /* DDChooseAddressViewController.m in Sources */ = {isa = PBXBuildFile; fileRef = F3235A05219FE78D007A66DE /* DDChooseAddressViewController.m */; };
		F3235A0C219FEF09007A66DE /* CoreLocation.framework in Frameworks */ = {isa = PBXBuildFile; fileRef = F3235A0B219FEF09007A66DE /* CoreLocation.framework */; };
		F3235A0F219FFBA9007A66DE /* DDDataManager.m in Sources */ = {isa = PBXBuildFile; fileRef = F3235A0E219FFBA9007A66DE /* DDDataManager.m */; };
		F3235A1321A0A9FE007A66DE /* Contacts.framework in Frameworks */ = {isa = PBXBuildFile; fileRef = F3235A1221A0A9FE007A66DE /* Contacts.framework */; };
		F3235A1921A0ADD6007A66DE /* DDLocationServiceImpl.m in Sources */ = {isa = PBXBuildFile; fileRef = F3235A1821A0ADD6007A66DE /* DDLocationServiceImpl.m */; };
		F3235A2921A0B64E007A66DE /* DDMapViewViewController.m in Sources */ = {isa = PBXBuildFile; fileRef = F3235A2721A0B64E007A66DE /* DDMapViewViewController.m */; };
		F3235A2A21A0B64E007A66DE /* DDMapViewView.xib in Resources */ = {isa = PBXBuildFile; fileRef = F3235A2821A0B64E007A66DE /* DDMapViewView.xib */; };
/* End PBXBuildFile section */

/* Begin PBXContainerItemProxy section */
		F32359E6219FDF62007A66DE /* PBXContainerItemProxy */ = {
			isa = PBXContainerItemProxy;
			containerPortal = F32359C5219FDF60007A66DE /* Project object */;
			proxyType = 1;
			remoteGlobalIDString = F32359CC219FDF60007A66DE;
			remoteInfo = DDSampleApp;
		};
		F32359F1219FDF62007A66DE /* PBXContainerItemProxy */ = {
			isa = PBXContainerItemProxy;
			containerPortal = F32359C5219FDF60007A66DE /* Project object */;
			proxyType = 1;
			remoteGlobalIDString = F32359CC219FDF60007A66DE;
			remoteInfo = DDSampleApp;
		};
/* End PBXContainerItemProxy section */

/* Begin PBXFileReference section */
		F32359CD219FDF60007A66DE /* DDSampleApp.app */ = {isa = PBXFileReference; explicitFileType = wrapper.application; includeInIndex = 0; path = DDSampleApp.app; sourceTree = BUILT_PRODUCTS_DIR; };
		F32359D0219FDF60007A66DE /* AppDelegate.h */ = {isa = PBXFileReference; lastKnownFileType = sourcecode.c.h; path = AppDelegate.h; sourceTree = "<group>"; };
		F32359D1219FDF60007A66DE /* AppDelegate.m */ = {isa = PBXFileReference; lastKnownFileType = sourcecode.c.objc; path = AppDelegate.m; sourceTree = "<group>"; };
		F32359D7219FDF60007A66DE /* Base */ = {isa = PBXFileReference; lastKnownFileType = file.storyboard; name = Base; path = Base.lproj/Main.storyboard; sourceTree = "<group>"; };
		F32359D9219FDF61007A66DE /* Assets.xcassets */ = {isa = PBXFileReference; lastKnownFileType = folder.assetcatalog; path = Assets.xcassets; sourceTree = "<group>"; };
		F32359DC219FDF61007A66DE /* Base */ = {isa = PBXFileReference; lastKnownFileType = file.storyboard; name = Base; path = Base.lproj/LaunchScreen.storyboard; sourceTree = "<group>"; };
		F32359DE219FDF61007A66DE /* Info.plist */ = {isa = PBXFileReference; lastKnownFileType = text.plist.xml; path = Info.plist; sourceTree = "<group>"; };
		F32359DF219FDF61007A66DE /* main.m */ = {isa = PBXFileReference; lastKnownFileType = sourcecode.c.objc; path = main.m; sourceTree = "<group>"; };
		F32359E5219FDF62007A66DE /* DDSampleAppTests.xctest */ = {isa = PBXFileReference; explicitFileType = wrapper.cfbundle; includeInIndex = 0; path = DDSampleAppTests.xctest; sourceTree = BUILT_PRODUCTS_DIR; };
		F32359E9219FDF62007A66DE /* DDSampleAppTests.m */ = {isa = PBXFileReference; lastKnownFileType = sourcecode.c.objc; path = DDSampleAppTests.m; sourceTree = "<group>"; };
		F32359EB219FDF62007A66DE /* Info.plist */ = {isa = PBXFileReference; lastKnownFileType = text.plist.xml; path = Info.plist; sourceTree = "<group>"; };
		F32359F0219FDF62007A66DE /* DDSampleAppUITests.xctest */ = {isa = PBXFileReference; explicitFileType = wrapper.cfbundle; includeInIndex = 0; path = DDSampleAppUITests.xctest; sourceTree = BUILT_PRODUCTS_DIR; };
		F32359F4219FDF62007A66DE /* DDSampleAppUITests.m */ = {isa = PBXFileReference; lastKnownFileType = sourcecode.c.objc; path = DDSampleAppUITests.m; sourceTree = "<group>"; };
		F32359F6219FDF62007A66DE /* Info.plist */ = {isa = PBXFileReference; lastKnownFileType = text.plist.xml; path = Info.plist; sourceTree = "<group>"; };
		F3235A03219FE636007A66DE /* en */ = {isa = PBXFileReference; lastKnownFileType = text.plist.strings; name = en; path = en.lproj/Main.strings; sourceTree = "<group>"; };
		F3235A04219FE78D007A66DE /* DDChooseAddressViewController.h */ = {isa = PBXFileReference; lastKnownFileType = sourcecode.c.h; path = DDChooseAddressViewController.h; sourceTree = "<group>"; };
		F3235A05219FE78D007A66DE /* DDChooseAddressViewController.m */ = {isa = PBXFileReference; lastKnownFileType = sourcecode.c.objc; path = DDChooseAddressViewController.m; sourceTree = "<group>"; };
		F3235A0B219FEF09007A66DE /* CoreLocation.framework */ = {isa = PBXFileReference; lastKnownFileType = wrapper.framework; name = CoreLocation.framework; path = System/Library/Frameworks/CoreLocation.framework; sourceTree = SDKROOT; };
		F3235A0D219FFBA9007A66DE /* DDDataManager.h */ = {isa = PBXFileReference; lastKnownFileType = sourcecode.c.h; path = DDDataManager.h; sourceTree = "<group>"; };
		F3235A0E219FFBA9007A66DE /* DDDataManager.m */ = {isa = PBXFileReference; lastKnownFileType = sourcecode.c.objc; path = DDDataManager.m; sourceTree = "<group>"; };
		F3235A10219FFD7B007A66DE /* es */ = {isa = PBXFileReference; lastKnownFileType = text.plist.strings; name = es; path = es.lproj/Main.strings; sourceTree = "<group>"; };
		F3235A11219FFD7B007A66DE /* es */ = {isa = PBXFileReference; lastKnownFileType = text.plist.strings; name = es; path = es.lproj/LaunchScreen.strings; sourceTree = "<group>"; };
		F3235A1221A0A9FE007A66DE /* Contacts.framework */ = {isa = PBXFileReference; lastKnownFileType = wrapper.framework; name = Contacts.framework; path = System/Library/Frameworks/Contacts.framework; sourceTree = SDKROOT; };
		F3235A1421A0ADCA007A66DE /* DDLocationService.h */ = {isa = PBXFileReference; lastKnownFileType = sourcecode.c.h; path = DDLocationService.h; sourceTree = "<group>"; };
		F3235A1721A0ADD6007A66DE /* DDLocationServiceImpl.h */ = {isa = PBXFileReference; lastKnownFileType = sourcecode.c.h; path = DDLocationServiceImpl.h; sourceTree = "<group>"; };
		F3235A1821A0ADD6007A66DE /* DDLocationServiceImpl.m */ = {isa = PBXFileReference; lastKnownFileType = sourcecode.c.objc; path = DDLocationServiceImpl.m; sourceTree = "<group>"; };
		F3235A2621A0B64E007A66DE /* DDMapViewViewController.h */ = {isa = PBXFileReference; lastKnownFileType = sourcecode.c.h; path = DDMapViewViewController.h; sourceTree = "<group>"; };
		F3235A2721A0B64E007A66DE /* DDMapViewViewController.m */ = {isa = PBXFileReference; lastKnownFileType = sourcecode.c.objc; path = DDMapViewViewController.m; sourceTree = "<group>"; };
		F3235A2821A0B64E007A66DE /* DDMapViewView.xib */ = {isa = PBXFileReference; lastKnownFileType = file.xib; path = DDMapViewView.xib; sourceTree = "<group>"; };
/* End PBXFileReference section */

/* Begin PBXFrameworksBuildPhase section */
		F32359CA219FDF60007A66DE /* Frameworks */ = {
			isa = PBXFrameworksBuildPhase;
			buildActionMask = 2147483647;
			files = (
				F3235A1321A0A9FE007A66DE /* Contacts.framework in Frameworks */,
				F3235A0C219FEF09007A66DE /* CoreLocation.framework in Frameworks */,
			);
			runOnlyForDeploymentPostprocessing = 0;
		};
		F32359E2219FDF62007A66DE /* Frameworks */ = {
			isa = PBXFrameworksBuildPhase;
			buildActionMask = 2147483647;
			files = (
			);
			runOnlyForDeploymentPostprocessing = 0;
		};
		F32359ED219FDF62007A66DE /* Frameworks */ = {
			isa = PBXFrameworksBuildPhase;
			buildActionMask = 2147483647;
			files = (
			);
			runOnlyForDeploymentPostprocessing = 0;
		};
/* End PBXFrameworksBuildPhase section */

/* Begin PBXGroup section */
		F32359C4219FDF60007A66DE = {
			isa = PBXGroup;
			children = (
				F32359CF219FDF60007A66DE /* DDSampleApp */,
				F32359E8219FDF62007A66DE /* DDSampleAppTests */,
				F32359F3219FDF62007A66DE /* DDSampleAppUITests */,
				F32359CE219FDF60007A66DE /* Products */,
				F3235A0A219FEF09007A66DE /* Frameworks */,
			);
			sourceTree = "<group>";
		};
		F32359CE219FDF60007A66DE /* Products */ = {
			isa = PBXGroup;
			children = (
				F32359CD219FDF60007A66DE /* DDSampleApp.app */,
				F32359E5219FDF62007A66DE /* DDSampleAppTests.xctest */,
				F32359F0219FDF62007A66DE /* DDSampleAppUITests.xctest */,
			);
			name = Products;
			sourceTree = "<group>";
		};
		F32359CF219FDF60007A66DE /* DDSampleApp */ = {
			isa = PBXGroup;
			children = (
				F3235A2421A0B462007A66DE /* Storyboard */,
				F3235A2321A0B433007A66DE /* Support */,
				F32359D0219FDF60007A66DE /* AppDelegate.h */,
				F32359D1219FDF60007A66DE /* AppDelegate.m */,
				F3235A04219FE78D007A66DE /* DDChooseAddressViewController.h */,
				F3235A05219FE78D007A66DE /* DDChooseAddressViewController.m */,
				F3235A0D219FFBA9007A66DE /* DDDataManager.h */,
				F3235A0E219FFBA9007A66DE /* DDDataManager.m */,
				F3235A2521A0B480007A66DE /* Location */,
				F3235A2621A0B64E007A66DE /* DDMapViewViewController.h */,
				F3235A2721A0B64E007A66DE /* DDMapViewViewController.m */,
				F3235A2821A0B64E007A66DE /* DDMapViewView.xib */,
				F32359DE219FDF61007A66DE /* Info.plist */,
			);
			path = DDSampleApp;
			sourceTree = "<group>";
		};
		F32359E8219FDF62007A66DE /* DDSampleAppTests */ = {
			isa = PBXGroup;
			children = (
				F32359E9219FDF62007A66DE /* DDSampleAppTests.m */,
				F32359EB219FDF62007A66DE /* Info.plist */,
			);
			path = DDSampleAppTests;
			sourceTree = "<group>";
		};
		F32359F3219FDF62007A66DE /* DDSampleAppUITests */ = {
			isa = PBXGroup;
			children = (
				F32359F4219FDF62007A66DE /* DDSampleAppUITests.m */,
				F32359F6219FDF62007A66DE /* Info.plist */,
			);
			path = DDSampleAppUITests;
			sourceTree = "<group>";
		};
		F3235A0A219FEF09007A66DE /* Frameworks */ = {
			isa = PBXGroup;
			children = (
				F3235A1221A0A9FE007A66DE /* Contacts.framework */,
				F3235A0B219FEF09007A66DE /* CoreLocation.framework */,
			);
			name = Frameworks;
			sourceTree = "<group>";
		};
		F3235A2321A0B433007A66DE /* Support */ = {
			isa = PBXGroup;
			children = (
				F32359DF219FDF61007A66DE /* main.m */,
			);
			path = Support;
			sourceTree = "<group>";
		};
		F3235A2421A0B462007A66DE /* Storyboard */ = {
			isa = PBXGroup;
			children = (
				F32359D6219FDF60007A66DE /* Main.storyboard */,
				F32359D9219FDF61007A66DE /* Assets.xcassets */,
				F32359DB219FDF61007A66DE /* LaunchScreen.storyboard */,
			);
			path = Storyboard;
			sourceTree = "<group>";
		};
		F3235A2521A0B480007A66DE /* Location */ = {
			isa = PBXGroup;
			children = (
				F3235A1421A0ADCA007A66DE /* DDLocationService.h */,
				F3235A1721A0ADD6007A66DE /* DDLocationServiceImpl.h */,
				F3235A1821A0ADD6007A66DE /* DDLocationServiceImpl.m */,
			);
			path = Location;
			sourceTree = "<group>";
		};
/* End PBXGroup section */

/* Begin PBXNativeTarget section */
		F32359CC219FDF60007A66DE /* DDSampleApp */ = {
			isa = PBXNativeTarget;
			buildConfigurationList = F32359F9219FDF62007A66DE /* Build configuration list for PBXNativeTarget "DDSampleApp" */;
			buildPhases = (
				F32359C9219FDF60007A66DE /* Sources */,
				F32359CA219FDF60007A66DE /* Frameworks */,
				F32359CB219FDF60007A66DE /* Resources */,
			);
			buildRules = (
			);
			dependencies = (
			);
			name = DDSampleApp;
			productName = DDSampleApp;
			productReference = F32359CD219FDF60007A66DE /* DDSampleApp.app */;
			productType = "com.apple.product-type.application";
		};
		F32359E4219FDF62007A66DE /* DDSampleAppTests */ = {
			isa = PBXNativeTarget;
			buildConfigurationList = F32359FC219FDF62007A66DE /* Build configuration list for PBXNativeTarget "DDSampleAppTests" */;
			buildPhases = (
				F32359E1219FDF62007A66DE /* Sources */,
				F32359E2219FDF62007A66DE /* Frameworks */,
				F32359E3219FDF62007A66DE /* Resources */,
			);
			buildRules = (
			);
			dependencies = (
				F32359E7219FDF62007A66DE /* PBXTargetDependency */,
			);
			name = DDSampleAppTests;
			productName = DDSampleAppTests;
			productReference = F32359E5219FDF62007A66DE /* DDSampleAppTests.xctest */;
			productType = "com.apple.product-type.bundle.unit-test";
		};
		F32359EF219FDF62007A66DE /* DDSampleAppUITests */ = {
			isa = PBXNativeTarget;
			buildConfigurationList = F32359FF219FDF62007A66DE /* Build configuration list for PBXNativeTarget "DDSampleAppUITests" */;
			buildPhases = (
				F32359EC219FDF62007A66DE /* Sources */,
				F32359ED219FDF62007A66DE /* Frameworks */,
				F32359EE219FDF62007A66DE /* Resources */,
			);
			buildRules = (
			);
			dependencies = (
				F32359F2219FDF62007A66DE /* PBXTargetDependency */,
			);
			name = DDSampleAppUITests;
			productName = DDSampleAppUITests;
			productReference = F32359F0219FDF62007A66DE /* DDSampleAppUITests.xctest */;
			productType = "com.apple.product-type.bundle.ui-testing";
		};
/* End PBXNativeTarget section */

/* Begin PBXProject section */
		F32359C5219FDF60007A66DE /* Project object */ = {
			isa = PBXProject;
			attributes = {
				LastUpgradeCheck = 0940;
				ORGANIZATIONNAME = "Rishabh Sanghvi";
				TargetAttributes = {
					F32359CC219FDF60007A66DE = {
						CreatedOnToolsVersion = 9.4.1;
					};
					F32359E4219FDF62007A66DE = {
						CreatedOnToolsVersion = 9.4.1;
						TestTargetID = F32359CC219FDF60007A66DE;
					};
					F32359EF219FDF62007A66DE = {
						CreatedOnToolsVersion = 9.4.1;
						TestTargetID = F32359CC219FDF60007A66DE;
					};
				};
			};
			buildConfigurationList = F32359C8219FDF60007A66DE /* Build configuration list for PBXProject "DDSampleApp" */;
			compatibilityVersion = "Xcode 9.3";
			developmentRegion = en;
			hasScannedForEncodings = 0;
			knownRegions = (
				en,
				Base,
			);
			mainGroup = F32359C4219FDF60007A66DE;
			productRefGroup = F32359CE219FDF60007A66DE /* Products */;
			projectDirPath = "";
			projectRoot = "";
			targets = (
				F32359CC219FDF60007A66DE /* DDSampleApp */,
				F32359E4219FDF62007A66DE /* DDSampleAppTests */,
				F32359EF219FDF62007A66DE /* DDSampleAppUITests */,
			);
		};
/* End PBXProject section */

/* Begin PBXResourcesBuildPhase section */
		F32359CB219FDF60007A66DE /* Resources */ = {
			isa = PBXResourcesBuildPhase;
			buildActionMask = 2147483647;
			files = (
				F3235A2A21A0B64E007A66DE /* DDMapViewView.xib in Resources */,
				F32359DD219FDF61007A66DE /* LaunchScreen.storyboard in Resources */,
				F32359DA219FDF61007A66DE /* Assets.xcassets in Resources */,
				F32359D8219FDF60007A66DE /* Main.storyboard in Resources */,
			);
			runOnlyForDeploymentPostprocessing = 0;
		};
		F32359E3219FDF62007A66DE /* Resources */ = {
			isa = PBXResourcesBuildPhase;
			buildActionMask = 2147483647;
			files = (
			);
			runOnlyForDeploymentPostprocessing = 0;
		};
		F32359EE219FDF62007A66DE /* Resources */ = {
			isa = PBXResourcesBuildPhase;
			buildActionMask = 2147483647;
			files = (
			);
			runOnlyForDeploymentPostprocessing = 0;
		};
/* End PBXResourcesBuildPhase section */

/* Begin PBXSourcesBuildPhase section */
		F32359C9219FDF60007A66DE /* Sources */ = {
			isa = PBXSourcesBuildPhase;
			buildActionMask = 2147483647;
			files = (
				F3235A06219FE78D007A66DE /* DDChooseAddressViewController.m in Sources */,
				F32359E0219FDF61007A66DE /* main.m in Sources */,
				F3235A1921A0ADD6007A66DE /* DDLocationServiceImpl.m in Sources */,
				F32359D2219FDF60007A66DE /* AppDelegate.m in Sources */,
				F3235A0F219FFBA9007A66DE /* DDDataManager.m in Sources */,
				F3235A2921A0B64E007A66DE /* DDMapViewViewController.m in Sources */,
			);
			runOnlyForDeploymentPostprocessing = 0;
		};
		F32359E1219FDF62007A66DE /* Sources */ = {
			isa = PBXSourcesBuildPhase;
			buildActionMask = 2147483647;
			files = (
				F32359EA219FDF62007A66DE /* DDSampleAppTests.m in Sources */,
			);
			runOnlyForDeploymentPostprocessing = 0;
		};
		F32359EC219FDF62007A66DE /* Sources */ = {
			isa = PBXSourcesBuildPhase;
			buildActionMask = 2147483647;
			files = (
				F32359F5219FDF62007A66DE /* DDSampleAppUITests.m in Sources */,
			);
			runOnlyForDeploymentPostprocessing = 0;
		};
/* End PBXSourcesBuildPhase section */

/* Begin PBXTargetDependency section */
		F32359E7219FDF62007A66DE /* PBXTargetDependency */ = {
			isa = PBXTargetDependency;
			target = F32359CC219FDF60007A66DE /* DDSampleApp */;
			targetProxy = F32359E6219FDF62007A66DE /* PBXContainerItemProxy */;
		};
		F32359F2219FDF62007A66DE /* PBXTargetDependency */ = {
			isa = PBXTargetDependency;
			target = F32359CC219FDF60007A66DE /* DDSampleApp */;
			targetProxy = F32359F1219FDF62007A66DE /* PBXContainerItemProxy */;
		};
/* End PBXTargetDependency section */

/* Begin PBXVariantGroup section */
		F32359D6219FDF60007A66DE /* Main.storyboard */ = {
			isa = PBXVariantGroup;
			children = (
				F32359D7219FDF60007A66DE /* Base */,
				F3235A03219FE636007A66DE /* en */,
				F3235A10219FFD7B007A66DE /* es */,
			);
			name = Main.storyboard;
			sourceTree = "<group>";
		};
		F32359DB219FDF61007A66DE /* LaunchScreen.storyboard */ = {
			isa = PBXVariantGroup;
			children = (
				F32359DC219FDF61007A66DE /* Base */,
				F3235A11219FFD7B007A66DE /* es */,
			);
			name = LaunchScreen.storyboard;
			sourceTree = "<group>";
		};
/* End PBXVariantGroup section */

/* Begin XCBuildConfiguration section */
		F32359F7219FDF62007A66DE /* Debug */ = {
			isa = XCBuildConfiguration;
			buildSettings = {
				ALWAYS_SEARCH_USER_PATHS = NO;
				CLANG_ANALYZER_LOCALIZABILITY_NONLOCALIZED = YES;
				CLANG_ANALYZER_NONNULL = YES;
				CLANG_ANALYZER_NUMBER_OBJECT_CONVERSION = YES_AGGRESSIVE;
				CLANG_CXX_LANGUAGE_STANDARD = "gnu++14";
				CLANG_CXX_LIBRARY = "libc++";
				CLANG_ENABLE_MODULES = YES;
				CLANG_ENABLE_OBJC_ARC = YES;
				CLANG_ENABLE_OBJC_WEAK = YES;
				CLANG_WARN_BLOCK_CAPTURE_AUTORELEASING = YES;
				CLANG_WARN_BOOL_CONVERSION = YES;
				CLANG_WARN_COMMA = YES;
				CLANG_WARN_CONSTANT_CONVERSION = YES;
				CLANG_WARN_DEPRECATED_OBJC_IMPLEMENTATIONS = YES;
				CLANG_WARN_DIRECT_OBJC_ISA_USAGE = YES_ERROR;
				CLANG_WARN_DOCUMENTATION_COMMENTS = YES;
				CLANG_WARN_EMPTY_BODY = YES;
				CLANG_WARN_ENUM_CONVERSION = YES;
				CLANG_WARN_INFINITE_RECURSION = YES;
				CLANG_WARN_INT_CONVERSION = YES;
				CLANG_WARN_NON_LITERAL_NULL_CONVERSION = YES;
				CLANG_WARN_OBJC_IMPLICIT_RETAIN_SELF = YES;
				CLANG_WARN_OBJC_LITERAL_CONVERSION = YES;
				CLANG_WARN_OBJC_ROOT_CLASS = YES_ERROR;
				CLANG_WARN_RANGE_LOOP_ANALYSIS = YES;
				CLANG_WARN_STRICT_PROTOTYPES = YES;
				CLANG_WARN_SUSPICIOUS_MOVE = YES;
				CLANG_WARN_UNGUARDED_AVAILABILITY = YES_AGGRESSIVE;
				CLANG_WARN_UNREACHABLE_CODE = YES;
				CLANG_WARN__DUPLICATE_METHOD_MATCH = YES;
				CODE_SIGN_IDENTITY = "iPhone Developer";
				COPY_PHASE_STRIP = NO;
				DEBUG_INFORMATION_FORMAT = dwarf;
				ENABLE_STRICT_OBJC_MSGSEND = YES;
				ENABLE_TESTABILITY = YES;
				GCC_C_LANGUAGE_STANDARD = gnu11;
				GCC_DYNAMIC_NO_PIC = NO;
				GCC_NO_COMMON_BLOCKS = YES;
				GCC_OPTIMIZATION_LEVEL = 0;
				GCC_PREPROCESSOR_DEFINITIONS = (
					"DEBUG=1",
					"$(inherited)",
				);
				GCC_WARN_64_TO_32_BIT_CONVERSION = YES;
				GCC_WARN_ABOUT_RETURN_TYPE = YES_ERROR;
				GCC_WARN_UNDECLARED_SELECTOR = YES;
				GCC_WARN_UNINITIALIZED_AUTOS = YES_AGGRESSIVE;
				GCC_WARN_UNUSED_FUNCTION = YES;
				GCC_WARN_UNUSED_VARIABLE = YES;
				IPHONEOS_DEPLOYMENT_TARGET = 11.4;
				MTL_ENABLE_DEBUG_INFO = YES;
				ONLY_ACTIVE_ARCH = YES;
				SDKROOT = iphoneos;
			};
			name = Debug;
		};
		F32359F8219FDF62007A66DE /* Release */ = {
			isa = XCBuildConfiguration;
			buildSettings = {
				ALWAYS_SEARCH_USER_PATHS = NO;
				CLANG_ANALYZER_LOCALIZABILITY_NONLOCALIZED = YES;
				CLANG_ANALYZER_NONNULL = YES;
				CLANG_ANALYZER_NUMBER_OBJECT_CONVERSION = YES_AGGRESSIVE;
				CLANG_CXX_LANGUAGE_STANDARD = "gnu++14";
				CLANG_CXX_LIBRARY = "libc++";
				CLANG_ENABLE_MODULES = YES;
				CLANG_ENABLE_OBJC_ARC = YES;
				CLANG_ENABLE_OBJC_WEAK = YES;
				CLANG_WARN_BLOCK_CAPTURE_AUTORELEASING = YES;
				CLANG_WARN_BOOL_CONVERSION = YES;
				CLANG_WARN_COMMA = YES;
				CLANG_WARN_CONSTANT_CONVERSION = YES;
				CLANG_WARN_DEPRECATED_OBJC_IMPLEMENTATIONS = YES;
				CLANG_WARN_DIRECT_OBJC_ISA_USAGE = YES_ERROR;
				CLANG_WARN_DOCUMENTATION_COMMENTS = YES;
				CLANG_WARN_EMPTY_BODY = YES;
				CLANG_WARN_ENUM_CONVERSION = YES;
				CLANG_WARN_INFINITE_RECURSION = YES;
				CLANG_WARN_INT_CONVERSION = YES;
				CLANG_WARN_NON_LITERAL_NULL_CONVERSION = YES;
				CLANG_WARN_OBJC_IMPLICIT_RETAIN_SELF = YES;
				CLANG_WARN_OBJC_LITERAL_CONVERSION = YES;
				CLANG_WARN_OBJC_ROOT_CLASS = YES_ERROR;
				CLANG_WARN_RANGE_LOOP_ANALYSIS = YES;
				CLANG_WARN_STRICT_PROTOTYPES = YES;
				CLANG_WARN_SUSPICIOUS_MOVE = YES;
				CLANG_WARN_UNGUARDED_AVAILABILITY = YES_AGGRESSIVE;
				CLANG_WARN_UNREACHABLE_CODE = YES;
				CLANG_WARN__DUPLICATE_METHOD_MATCH = YES;
				CODE_SIGN_IDENTITY = "iPhone Developer";
				COPY_PHASE_STRIP = NO;
				DEBUG_INFORMATION_FORMAT = "dwarf-with-dsym";
				ENABLE_NS_ASSERTIONS = NO;
				ENABLE_STRICT_OBJC_MSGSEND = YES;
				GCC_C_LANGUAGE_STANDARD = gnu11;
				GCC_NO_COMMON_BLOCKS = YES;
				GCC_WARN_64_TO_32_BIT_CONVERSION = YES;
				GCC_WARN_ABOUT_RETURN_TYPE = YES_ERROR;
				GCC_WARN_UNDECLARED_SELECTOR = YES;
				GCC_WARN_UNINITIALIZED_AUTOS = YES_AGGRESSIVE;
				GCC_WARN_UNUSED_FUNCTION = YES;
				GCC_WARN_UNUSED_VARIABLE = YES;
				IPHONEOS_DEPLOYMENT_TARGET = 11.4;
				MTL_ENABLE_DEBUG_INFO = NO;
				SDKROOT = iphoneos;
				VALIDATE_PRODUCT = YES;
			};
			name = Release;
		};
		F32359FA219FDF62007A66DE /* Debug */ = {
			isa = XCBuildConfiguration;
			buildSettings = {
				ASSETCATALOG_COMPILER_APPICON_NAME = AppIcon;
				CODE_SIGN_STYLE = Automatic;
				INFOPLIST_FILE = DDSampleApp/Info.plist;
				LD_RUNPATH_SEARCH_PATHS = (
					"$(inherited)",
					"@executable_path/Frameworks",
				);
				PRODUCT_BUNDLE_IDENTIFIER = purple.DDSampleApp;
				PRODUCT_NAME = "$(TARGET_NAME)";
				TARGETED_DEVICE_FAMILY = "1,2";
			};
			name = Debug;
		};
		F32359FB219FDF62007A66DE /* Release */ = {
			isa = XCBuildConfiguration;
			buildSettings = {
				ASSETCATALOG_COMPILER_APPICON_NAME = AppIcon;
				CODE_SIGN_STYLE = Automatic;
				INFOPLIST_FILE = DDSampleApp/Info.plist;
				LD_RUNPATH_SEARCH_PATHS = (
					"$(inherited)",
					"@executable_path/Frameworks",
				);
				PRODUCT_BUNDLE_IDENTIFIER = purple.DDSampleApp;
				PRODUCT_NAME = "$(TARGET_NAME)";
				TARGETED_DEVICE_FAMILY = "1,2";
			};
			name = Release;
		};
		F32359FD219FDF62007A66DE /* Debug */ = {
			isa = XCBuildConfiguration;
			buildSettings = {
				BUNDLE_LOADER = "$(TEST_HOST)";
				CODE_SIGN_STYLE = Automatic;
				INFOPLIST_FILE = DDSampleAppTests/Info.plist;
				LD_RUNPATH_SEARCH_PATHS = (
					"$(inherited)",
					"@executable_path/Frameworks",
					"@loader_path/Frameworks",
				);
				PRODUCT_BUNDLE_IDENTIFIER = purple.DDSampleAppTests;
				PRODUCT_NAME = "$(TARGET_NAME)";
				TARGETED_DEVICE_FAMILY = "1,2";
				TEST_HOST = "$(BUILT_PRODUCTS_DIR)/DDSampleApp.app/DDSampleApp";
			};
			name = Debug;
		};
		F32359FE219FDF62007A66DE /* Release */ = {
			isa = XCBuildConfiguration;
			buildSettings = {
				BUNDLE_LOADER = "$(TEST_HOST)";
				CODE_SIGN_STYLE = Automatic;
				INFOPLIST_FILE = DDSampleAppTests/Info.plist;
				LD_RUNPATH_SEARCH_PATHS = (
					"$(inherited)",
					"@executable_path/Frameworks",
					"@loader_path/Frameworks",
				);
				PRODUCT_BUNDLE_IDENTIFIER = purple.DDSampleAppTests;
				PRODUCT_NAME = "$(TARGET_NAME)";
				TARGETED_DEVICE_FAMILY = "1,2";
				TEST_HOST = "$(BUILT_PRODUCTS_DIR)/DDSampleApp.app/DDSampleApp";
			};
			name = Release;
		};
		F3235A00219FDF62007A66DE /* Debug */ = {
			isa = XCBuildConfiguration;
			buildSettings = {
				CODE_SIGN_STYLE = Automatic;
				INFOPLIST_FILE = DDSampleAppUITests/Info.plist;
				LD_RUNPATH_SEARCH_PATHS = (
					"$(inherited)",
					"@executable_path/Frameworks",
					"@loader_path/Frameworks",
				);
				PRODUCT_BUNDLE_IDENTIFIER = purple.DDSampleAppUITests;
				PRODUCT_NAME = "$(TARGET_NAME)";
				TARGETED_DEVICE_FAMILY = "1,2";
				TEST_TARGET_NAME = DDSampleApp;
			};
			name = Debug;
		};
		F3235A01219FDF62007A66DE /* Release */ = {
			isa = XCBuildConfiguration;
			buildSettings = {
				CODE_SIGN_STYLE = Automatic;
				INFOPLIST_FILE = DDSampleAppUITests/Info.plist;
				LD_RUNPATH_SEARCH_PATHS = (
					"$(inherited)",
					"@executable_path/Frameworks",
					"@loader_path/Frameworks",
				);
				PRODUCT_BUNDLE_IDENTIFIER = purple.DDSampleAppUITests;
				PRODUCT_NAME = "$(TARGET_NAME)";
				TARGETED_DEVICE_FAMILY = "1,2";
				TEST_TARGET_NAME = DDSampleApp;
			};
			name = Release;
		};
/* End XCBuildConfiguration section */

/* Begin XCConfigurationList section */
		F32359C8219FDF60007A66DE /* Build configuration list for PBXProject "DDSampleApp" */ = {
			isa = XCConfigurationList;
			buildConfigurations = (
				F32359F7219FDF62007A66DE /* Debug */,
				F32359F8219FDF62007A66DE /* Release */,
			);
			defaultConfigurationIsVisible = 0;
			defaultConfigurationName = Release;
		};
		F32359F9219FDF62007A66DE /* Build configuration list for PBXNativeTarget "DDSampleApp" */ = {
			isa = XCConfigurationList;
			buildConfigurations = (
				F32359FA219FDF62007A66DE /* Debug */,
				F32359FB219FDF62007A66DE /* Release */,
			);
			defaultConfigurationIsVisible = 0;
			defaultConfigurationName = Release;
		};
		F32359FC219FDF62007A66DE /* Build configuration list for PBXNativeTarget "DDSampleAppTests" */ = {
			isa = XCConfigurationList;
			buildConfigurations = (
				F32359FD219FDF62007A66DE /* Debug */,
				F32359FE219FDF62007A66DE /* Release */,
			);
			defaultConfigurationIsVisible = 0;
			defaultConfigurationName = Release;
		};
		F32359FF219FDF62007A66DE /* Build configuration list for PBXNativeTarget "DDSampleAppUITests" */ = {
			isa = XCConfigurationList;
			buildConfigurations = (
				F3235A00219FDF62007A66DE /* Debug */,
				F3235A01219FDF62007A66DE /* Release */,
			);
			defaultConfigurationIsVisible = 0;
			defaultConfigurationName = Release;
		};
/* End XCConfigurationList section */
	};
	rootObject = F32359C5219FDF60007A66DE /* Project object */;
}
